Microsoft Visual Studio Solution File, Format Version 10.00
# Visual C# Express 2008
Project("{FAE04EC0-301F-11D3-BF4B-00C04F79EFBC}") = "Framework", "Framework\Framework.csproj", "{BE8F4EFB-458E-431A-A763-5988804DC0ED}"
EndProject
Project("{FAE04EC0-301F-11D3-BF4B-00C04F79EFBC}") = "ExampleAI", "ExampleAI\ExampleAI.csproj", "{5B942207-A326-4144-850C-CA867E22721A}"
EndProject
Project("{FAE04EC0-301F-11D3-BF4B-00C04F79EFBC}") = "StudentAI", "StudentAI\StudentAI.csproj", "{5B942208-A326-4144-850C-CA867E22721A}"
EndProject
Global
	GlobalSection(SolutionConfigurationPlatforms) = preSolution
		Debug|Any CPU = Debug|Any CPU
		Release|Any CPU = Release|Any CPU
	EndGlobalSection
	GlobalSection(ProjectConfigurationPlatforms) = postSolution
		{BE8F4EFB-458E-431A-A763-5988804DC0ED}.Debug|Any CPU.ActiveCfg = Debug|Any CPU
		{BE8F4EFB-458E-431A-A763-5988804DC0ED}.Debug|Any CPU.Build.0 = Debug|Any CPU
		{BE8F4EFB-458E-431A-A763-5988804DC0ED}.Release|Any CPU.ActiveCfg = Release|Any CPU
		{BE8F4EFB-458E-431A-A763-5988804DC0ED}.Release|Any CPU.Build.0 = Release|Any CPU
		{5B942207-A326-4144-850C-CA867E22721A}.Debug|Any CPU.ActiveCfg = Debug|Any CPU
		{5B942207-A326-4144-850C-CA867E22721A}.Debug|Any CPU.Build.0 = Debug|Any CPU
		{5B942207-A326-4144-850C-CA867E22721A}.Release|Any CPU.ActiveCfg = Release|Any CPU
		{5B942207-A326-4144-850C-CA867E22721A}.Release|Any CPU.Build.0 = Release|Any CPU
		{5B942208-A326-4144-850C-CA867E22721A}.Debug|Any CPU.ActiveCfg = Debug|Any CPU
		{5B942208-A326-4144-850C-CA867E22721A}.Debug|Any CPU.Build.0 = Debug|Any CPU
		{5B942208-A326-4144-850C-CA867E22721A}.Release|Any CPU.ActiveCfg = Release|Any CPU
		{5B942208-A326-4144-850C-CA867E22721A}.Release|Any CPU.Build.0 = Release|Any CPU
	EndGlobalSection
	GlobalSection(SolutionProperties) = preSolution
		HideSolutionNode = FALSE
	EndGlobalSection
EndGlobal
